// !$*UTF8*$!
{
	archiveVersion = 1;
	classes = {
	};
	objectVersion = 55;
	objects = {

/* Begin PBXBuildFile section */
		44AD61E32D78D45A00A3BFEB /* AppDelegate.swift in Sources */ = {isa = PBXBuildFile; fileRef = 44AD61E22D78D45A00A3BFEB /* AppDelegate.swift */; };
		44AD61E52D78D45A00A3BFEB /* SceneDelegate.swift in Sources */ = {isa = PBXBuildFile; fileRef = 44AD61E42D78D45A00A3BFEB /* SceneDelegate.swift */; };
		44AD61E72D78D45A00A3BFEB /* HallViewController.swift in Sources */ = {isa = PBXBuildFile; fileRef = 44AD61E62D78D45A00A3BFEB /* HallViewController.swift */; };
		44AD61EC2D78D45F00A3BFEB /* Assets.xcassets in Resources */ = {isa = PBXBuildFile; fileRef = 44AD61EB2D78D45F00A3BFEB /* Assets.xcassets */; };
		44AD61EF2D78D45F00A3BFEB /* LaunchScreen.storyboard in Resources */ = {isa = PBXBuildFile; fileRef = 44AD61ED2D78D45F00A3BFEB /* LaunchScreen.storyboard */; };
		44AD61F72D78D6D900A3BFEB /* Model.swift in Sources */ = {isa = PBXBuildFile; fileRef = 44AD61F62D78D6D900A3BFEB /* Model.swift */; };
		44AD61F92D78D73100A3BFEB /* NetworkManager.swift in Sources */ = {isa = PBXBuildFile; fileRef = 44AD61F82D78D73000A3BFEB /* NetworkManager.swift */; };
		44AD61FD2D78E98600A3BFEB /* NetworkConfig.swift in Sources */ = {isa = PBXBuildFile; fileRef = 44AD61FC2D78E98600A3BFEB /* NetworkConfig.swift */; };
		44AD61FF2D79B00F00A3BFEB /* HallInteractor.swift in Sources */ = {isa = PBXBuildFile; fileRef = 44AD61FE2D79B00F00A3BFEB /* HallInteractor.swift */; };
		44AD62012D79B01F00A3BFEB /* HallPresenter.swift in Sources */ = {isa = PBXBuildFile; fileRef = 44AD62002D79B01F00A3BFEB /* HallPresenter.swift */; };
		44AD62032D79B03400A3BFEB /* HallBuilder.swift in Sources */ = {isa = PBXBuildFile; fileRef = 44AD62022D79B03400A3BFEB /* HallBuilder.swift */; };
		44AD62062D79B33500A3BFEB /* HallRouter.swift in Sources */ = {isa = PBXBuildFile; fileRef = 44AD62052D79B33500A3BFEB /* HallRouter.swift */; };
		44AD62092D79C5C200A3BFEB /* DI.swift in Sources */ = {isa = PBXBuildFile; fileRef = 44AD62082D79C5C200A3BFEB /* DI.swift */; };
		44AD620B2D79CC2200A3BFEB /* HallView.swift in Sources */ = {isa = PBXBuildFile; fileRef = 44AD620A2D79CC2200A3BFEB /* HallView.swift */; };
		44AD620D2D7A06B800A3BFEB /* SeatView.swift in Sources */ = {isa = PBXBuildFile; fileRef = 44AD620C2D7A06B800A3BFEB /* SeatView.swift */; };
		44AD62102D7B8B3100A3BFEB /* OrderViewController.swift in Sources */ = {isa = PBXBuildFile; fileRef = 44AD620F2D7B8B3100A3BFEB /* OrderViewController.swift */; };
		44AD62122D7B919E00A3BFEB /* OrderInteractor.swift in Sources */ = {isa = PBXBuildFile; fileRef = 44AD62112D7B919E00A3BFEB /* OrderInteractor.swift */; };
		44AD62142D7B91AC00A3BFEB /* OrderPresenter.swift in Sources */ = {isa = PBXBuildFile; fileRef = 44AD62132D7B91AC00A3BFEB /* OrderPresenter.swift */; };
		44AD62162D7B91EA00A3BFEB /* OrderBuilder.swift in Sources */ = {isa = PBXBuildFile; fileRef = 44AD62152D7B91EA00A3BFEB /* OrderBuilder.swift */; };
		44AD62192D7DAE5A00A3BFEB /* TotalView.swift in Sources */ = {isa = PBXBuildFile; fileRef = 44AD62182D7DAE5A00A3BFEB /* TotalView.swift */; };
		44AD621B2D7DC37700A3BFEB /* PaymentViewController.swift in Sources */ = {isa = PBXBuildFile; fileRef = 44AD621A2D7DC37700A3BFEB /* PaymentViewController.swift */; };
		44AD621D2D7DC39500A3BFEB /* PaymentInteractor.swift in Sources */ = {isa = PBXBuildFile; fileRef = 44AD621C2D7DC39500A3BFEB /* PaymentInteractor.swift */; };
		44AD621F2D7DC3A200A3BFEB /* PaymentPresenter.swift in Sources */ = {isa = PBXBuildFile; fileRef = 44AD621E2D7DC3A200A3BFEB /* PaymentPresenter.swift */; };
		44AD62212D7DC3B400A3BFEB /* PaymentBuilder.swift in Sources */ = {isa = PBXBuildFile; fileRef = 44AD62202D7DC3B400A3BFEB /* PaymentBuilder.swift */; };
		44AD62242D7DC54200A3BFEB /* OrderRouter.swift in Sources */ = {isa = PBXBuildFile; fileRef = 44AD62232D7DC54200A3BFEB /* OrderRouter.swift */; };
		44AD62262D7E362F00A3BFEB /* Extentions.swift in Sources */ = {isa = PBXBuildFile; fileRef = 44AD62252D7E362F00A3BFEB /* Extentions.swift */; };
		44AD62282D7E40FC00A3BFEB /* OrderTableViewCell.swift in Sources */ = {isa = PBXBuildFile; fileRef = 44AD62272D7E40FC00A3BFEB /* OrderTableViewCell.swift */; };
		44AD622A2D7E731F00A3BFEB /* Validator.swift in Sources */ = {isa = PBXBuildFile; fileRef = 44AD62292D7E731F00A3BFEB /* Validator.swift */; };
		44AD622C2D8199D100A3BFEB /* AlertManager.swift in Sources */ = {isa = PBXBuildFile; fileRef = 44AD622B2D8199D100A3BFEB /* AlertManager.swift */; };
		44AD622E2D81E98500A3BFEB /* HallVieww.swift in Sources */ = {isa = PBXBuildFile; fileRef = 44AD622D2D81E98500A3BFEB /* HallVieww.swift */; };
		44AD62312D81F15200A3BFEB /* HallViewModel.swift in Sources */ = {isa = PBXBuildFile; fileRef = 44AD62302D81F15200A3BFEB /* HallViewModel.swift */; };
		44AD62332D81F16400A3BFEB /* HallModel.swift in Sources */ = {isa = PBXBuildFile; fileRef = 44AD62322D81F16400A3BFEB /* HallModel.swift */; };
		44AD62352D8201BC00A3BFEB /* HallBuilderr.swift in Sources */ = {isa = PBXBuildFile; fileRef = 44AD62342D8201BC00A3BFEB /* HallBuilderr.swift */; };
/* End PBXBuildFile section */

/* Begin PBXFileReference section */
		44AD61DF2D78D45A00A3BFEB /* cinemaHall.app */ = {isa = PBXFileReference; explicitFileType = wrapper.application; includeInIndex = 0; path = cinemaHall.app; sourceTree = BUILT_PRODUCTS_DIR; };
		44AD61E22D78D45A00A3BFEB /* AppDelegate.swift */ = {isa = PBXFileReference; lastKnownFileType = sourcecode.swift; path = AppDelegate.swift; sourceTree = "<group>"; };
		44AD61E42D78D45A00A3BFEB /* SceneDelegate.swift */ = {isa = PBXFileReference; lastKnownFileType = sourcecode.swift; path = SceneDelegate.swift; sourceTree = "<group>"; };
		44AD61E62D78D45A00A3BFEB /* HallViewController.swift */ = {isa = PBXFileReference; lastKnownFileType = sourcecode.swift; path = HallViewController.swift; sourceTree = "<group>"; };
		44AD61EB2D78D45F00A3BFEB /* Assets.xcassets */ = {isa = PBXFileReference; lastKnownFileType = folder.assetcatalog; path = Assets.xcassets; sourceTree = "<group>"; };
		44AD61EE2D78D45F00A3BFEB /* Base */ = {isa = PBXFileReference; lastKnownFileType = file.storyboard; name = Base; path = Base.lproj/LaunchScreen.storyboard; sourceTree = "<group>"; };
		44AD61F02D78D45F00A3BFEB /* Info.plist */ = {isa = PBXFileReference; lastKnownFileType = text.plist.xml; path = Info.plist; sourceTree = "<group>"; };
		44AD61F62D78D6D900A3BFEB /* Model.swift */ = {isa = PBXFileReference; lastKnownFileType = sourcecode.swift; path = Model.swift; sourceTree = "<group>"; };
		44AD61F82D78D73000A3BFEB /* NetworkManager.swift */ = {isa = PBXFileReference; lastKnownFileType = sourcecode.swift; path = NetworkManager.swift; sourceTree = "<group>"; };
		44AD61FC2D78E98600A3BFEB /* NetworkConfig.swift */ = {isa = PBXFileReference; lastKnownFileType = sourcecode.swift; path = NetworkConfig.swift; sourceTree = "<group>"; };
		44AD61FE2D79B00F00A3BFEB /* HallInteractor.swift */ = {isa = PBXFileReference; lastKnownFileType = sourcecode.swift; path = HallInteractor.swift; sourceTree = "<group>"; };
		44AD62002D79B01F00A3BFEB /* HallPresenter.swift */ = {isa = PBXFileReference; lastKnownFileType = sourcecode.swift; path = HallPresenter.swift; sourceTree = "<group>"; };
		44AD62022D79B03400A3BFEB /* HallBuilder.swift */ = {isa = PBXFileReference; lastKnownFileType = sourcecode.swift; path = HallBuilder.swift; sourceTree = "<group>"; };
		44AD62052D79B33500A3BFEB /* HallRouter.swift */ = {isa = PBXFileReference; lastKnownFileType = sourcecode.swift; path = HallRouter.swift; sourceTree = "<group>"; };
		44AD62082D79C5C200A3BFEB /* DI.swift */ = {isa = PBXFileReference; lastKnownFileType = sourcecode.swift; path = DI.swift; sourceTree = "<group>"; };
		44AD620A2D79CC2200A3BFEB /* HallView.swift */ = {isa = PBXFileReference; lastKnownFileType = sourcecode.swift; path = HallView.swift; sourceTree = "<group>"; };
		44AD620C2D7A06B800A3BFEB /* SeatView.swift */ = {isa = PBXFileReference; lastKnownFileType = sourcecode.swift; path = SeatView.swift; sourceTree = "<group>"; };
		44AD620F2D7B8B3100A3BFEB /* OrderViewController.swift */ = {isa = PBXFileReference; lastKnownFileType = sourcecode.swift; path = OrderViewController.swift; sourceTree = "<group>"; };
		44AD62112D7B919E00A3BFEB /* OrderInteractor.swift */ = {isa = PBXFileReference; lastKnownFileType = sourcecode.swift; path = OrderInteractor.swift; sourceTree = "<group>"; };
		44AD62132D7B91AC00A3BFEB /* OrderPresenter.swift */ = {isa = PBXFileReference; lastKnownFileType = sourcecode.swift; path = OrderPresenter.swift; sourceTree = "<group>"; };
		44AD62152D7B91EA00A3BFEB /* OrderBuilder.swift */ = {isa = PBXFileReference; lastKnownFileType = sourcecode.swift; path = OrderBuilder.swift; sourceTree = "<group>"; };
		44AD62182D7DAE5A00A3BFEB /* TotalView.swift */ = {isa = PBXFileReference; lastKnownFileType = sourcecode.swift; path = TotalView.swift; sourceTree = "<group>"; };
		44AD621A2D7DC37700A3BFEB /* PaymentViewController.swift */ = {isa = PBXFileReference; lastKnownFileType = sourcecode.swift; path = PaymentViewController.swift; sourceTree = "<group>"; };
		44AD621C2D7DC39500A3BFEB /* PaymentInteractor.swift */ = {isa = PBXFileReference; lastKnownFileType = sourcecode.swift; path = PaymentInteractor.swift; sourceTree = "<group>"; };
		44AD621E2D7DC3A200A3BFEB /* PaymentPresenter.swift */ = {isa = PBXFileReference; lastKnownFileType = sourcecode.swift; path = PaymentPresenter.swift; sourceTree = "<group>"; };
		44AD62202D7DC3B400A3BFEB /* PaymentBuilder.swift */ = {isa = PBXFileReference; lastKnownFileType = sourcecode.swift; path = PaymentBuilder.swift; sourceTree = "<group>"; };
		44AD62232D7DC54200A3BFEB /* OrderRouter.swift */ = {isa = PBXFileReference; lastKnownFileType = sourcecode.swift; path = OrderRouter.swift; sourceTree = "<group>"; };
		44AD62252D7E362F00A3BFEB /* Extentions.swift */ = {isa = PBXFileReference; lastKnownFileType = sourcecode.swift; path = Extentions.swift; sourceTree = "<group>"; };
		44AD62272D7E40FC00A3BFEB /* OrderTableViewCell.swift */ = {isa = PBXFileReference; lastKnownFileType = sourcecode.swift; path = OrderTableViewCell.swift; sourceTree = "<group>"; };
		44AD62292D7E731F00A3BFEB /* Validator.swift */ = {isa = PBXFileReference; lastKnownFileType = sourcecode.swift; path = Validator.swift; sourceTree = "<group>"; };
		44AD622B2D8199D100A3BFEB /* AlertManager.swift */ = {isa = PBXFileReference; lastKnownFileType = sourcecode.swift; path = AlertManager.swift; sourceTree = "<group>"; };
		44AD622D2D81E98500A3BFEB /* HallVieww.swift */ = {isa = PBXFileReference; lastKnownFileType = sourcecode.swift; path = HallVieww.swift; sourceTree = "<group>"; };
		44AD62302D81F15200A3BFEB /* HallViewModel.swift */ = {isa = PBXFileReference; lastKnownFileType = sourcecode.swift; path = HallViewModel.swift; sourceTree = "<group>"; };
		44AD62322D81F16400A3BFEB /* HallModel.swift */ = {isa = PBXFileReference; lastKnownFileType = sourcecode.swift; path = HallModel.swift; sourceTree = "<group>"; };
		44AD62342D8201BC00A3BFEB /* HallBuilderr.swift */ = {isa = PBXFileReference; lastKnownFileType = sourcecode.swift; path = HallBuilderr.swift; sourceTree = "<group>"; };
/* End PBXFileReference section */

/* Begin PBXFrameworksBuildPhase section */
		44AD61DC2D78D45A00A3BFEB /* Frameworks */ = {
			isa = PBXFrameworksBuildPhase;
			buildActionMask = 2147483647;
			files = (
			);
			runOnlyForDeploymentPostprocessing = 0;
		};
/* End PBXFrameworksBuildPhase section */

/* Begin PBXGroup section */
		44AD61D62D78D45A00A3BFEB = {
			isa = PBXGroup;
			children = (
				44AD61E12D78D45A00A3BFEB /* cinemaHall */,
				44AD61E02D78D45A00A3BFEB /* Products */,
			);
			sourceTree = "<group>";
		};
		44AD61E02D78D45A00A3BFEB /* Products */ = {
			isa = PBXGroup;
			children = (
				44AD61DF2D78D45A00A3BFEB /* cinemaHall.app */,
			);
			name = Products;
			sourceTree = "<group>";
		};
		44AD61E12D78D45A00A3BFEB /* cinemaHall */ = {
			isa = PBXGroup;
			children = (
				44AD61E22D78D45A00A3BFEB /* AppDelegate.swift */,
				44AD61E42D78D45A00A3BFEB /* SceneDelegate.swift */,
				44AD62082D79C5C200A3BFEB /* DI.swift */,
				44AD62072D79B49C00A3BFEB /* Services */,
				44AD62042D79B03D00A3BFEB /* HallViewController */,
				44AD62172D7D1C3C00A3BFEB /* Orders */,
				44AD62222D7DC3C000A3BFEB /* Payment */,
				44AD622F2D81E99400A3BFEB /* MVVM */,
				44AD61F62D78D6D900A3BFEB /* Model.swift */,
				44AD62252D7E362F00A3BFEB /* Extentions.swift */,
				44AD62292D7E731F00A3BFEB /* Validator.swift */,
				44AD622B2D8199D100A3BFEB /* AlertManager.swift */,
				44AD61EB2D78D45F00A3BFEB /* Assets.xcassets */,
				44AD61ED2D78D45F00A3BFEB /* LaunchScreen.storyboard */,
				44AD61F02D78D45F00A3BFEB /* Info.plist */,
			);
			path = cinemaHall;
			sourceTree = "<group>";
		};
		44AD62042D79B03D00A3BFEB /* HallViewController */ = {
			isa = PBXGroup;
			children = (
				44AD61E62D78D45A00A3BFEB /* HallViewController.swift */,
				44AD61FE2D79B00F00A3BFEB /* HallInteractor.swift */,
				44AD62002D79B01F00A3BFEB /* HallPresenter.swift */,
				44AD62052D79B33500A3BFEB /* HallRouter.swift */,
				44AD62022D79B03400A3BFEB /* HallBuilder.swift */,
				44AD620E2D7A06C100A3BFEB /* Views */,
			);
			path = HallViewController;
			sourceTree = "<group>";
		};
		44AD62072D79B49C00A3BFEB /* Services */ = {
			isa = PBXGroup;
			children = (
				44AD61F82D78D73000A3BFEB /* NetworkManager.swift */,
				44AD61FC2D78E98600A3BFEB /* NetworkConfig.swift */,
			);
			path = Services;
			sourceTree = "<group>";
		};
		44AD620E2D7A06C100A3BFEB /* Views */ = {
			isa = PBXGroup;
			children = (
				44AD620A2D79CC2200A3BFEB /* HallView.swift */,
				44AD62182D7DAE5A00A3BFEB /* TotalView.swift */,
				44AD620C2D7A06B800A3BFEB /* SeatView.swift */,
			);
			path = Views;
			sourceTree = "<group>";
		};
		44AD62172D7D1C3C00A3BFEB /* Orders */ = {
			isa = PBXGroup;
			children = (
				44AD620F2D7B8B3100A3BFEB /* OrderViewController.swift */,
				44AD62272D7E40FC00A3BFEB /* OrderTableViewCell.swift */,
				44AD62112D7B919E00A3BFEB /* OrderInteractor.swift */,
				44AD62132D7B91AC00A3BFEB /* OrderPresenter.swift */,
				44AD62232D7DC54200A3BFEB /* OrderRouter.swift */,
				44AD62152D7B91EA00A3BFEB /* OrderBuilder.swift */,
			);
			path = Orders;
			sourceTree = "<group>";
		};
		44AD62222D7DC3C000A3BFEB /* Payment */ = {
			isa = PBXGroup;
			children = (
				44AD621A2D7DC37700A3BFEB /* PaymentViewController.swift */,
				44AD621C2D7DC39500A3BFEB /* PaymentInteractor.swift */,
				44AD621E2D7DC3A200A3BFEB /* PaymentPresenter.swift */,
				44AD62202D7DC3B400A3BFEB /* PaymentBuilder.swift */,
			);
			path = Payment;
			sourceTree = "<group>";
		};
		44AD622F2D81E99400A3BFEB /* MVVM */ = {
			isa = PBXGroup;
			children = (
				44AD62322D81F16400A3BFEB /* HallModel.swift */,
				44AD622D2D81E98500A3BFEB /* HallVieww.swift */,
				44AD62302D81F15200A3BFEB /* HallViewModel.swift */,
				44AD62342D8201BC00A3BFEB /* HallBuilderr.swift */,
			);
			path = MVVM;
			sourceTree = "<group>";
		};
/* End PBXGroup section */

/* Begin PBXNativeTarget section */
		44AD61DE2D78D45A00A3BFEB /* cinemaHall */ = {
			isa = PBXNativeTarget;
			buildConfigurationList = 44AD61F32D78D45F00A3BFEB /* Build configuration list for PBXNativeTarget "cinemaHall" */;
			buildPhases = (
				44AD61DB2D78D45A00A3BFEB /* Sources */,
				44AD61DC2D78D45A00A3BFEB /* Frameworks */,
				44AD61DD2D78D45A00A3BFEB /* Resources */,
			);
			buildRules = (
			);
			dependencies = (
			);
			name = cinemaHall;
			productName = cinemaHall;
			productReference = 44AD61DF2D78D45A00A3BFEB /* cinemaHall.app */;
			productType = "com.apple.product-type.application";
		};
/* End PBXNativeTarget section */

/* Begin PBXProject section */
		44AD61D72D78D45A00A3BFEB /* Project object */ = {
			isa = PBXProject;
			attributes = {
				BuildIndependentTargetsInParallel = 1;
				LastSwiftUpdateCheck = 1300;
				LastUpgradeCheck = 1300;
				TargetAttributes = {
					44AD61DE2D78D45A00A3BFEB = {
						CreatedOnToolsVersion = 13.0;
					};
				};
			};
			buildConfigurationList = 44AD61DA2D78D45A00A3BFEB /* Build configuration list for PBXProject "cinemaHall" */;
			compatibilityVersion = "Xcode 13.0";
			developmentRegion = en;
			hasScannedForEncodings = 0;
			knownRegions = (
				en,
				Base,
			);
			mainGroup = 44AD61D62D78D45A00A3BFEB;
			productRefGroup = 44AD61E02D78D45A00A3BFEB /* Products */;
			projectDirPath = "";
			projectRoot = "";
			targets = (
				44AD61DE2D78D45A00A3BFEB /* cinemaHall */,
			);
		};
/* End PBXProject section */

/* Begin PBXResourcesBuildPhase section */
		44AD61DD2D78D45A00A3BFEB /* Resources */ = {
			isa = PBXResourcesBuildPhase;
			buildActionMask = 2147483647;
			files = (
				44AD61EF2D78D45F00A3BFEB /* LaunchScreen.storyboard in Resources */,
				44AD61EC2D78D45F00A3BFEB /* Assets.xcassets in Resources */,
			);
			runOnlyForDeploymentPostprocessing = 0;
		};
/* End PBXResourcesBuildPhase section */

/* Begin PBXSourcesBuildPhase section */
		44AD61DB2D78D45A00A3BFEB /* Sources */ = {
			isa = PBXSourcesBuildPhase;
			buildActionMask = 2147483647;
			files = (
				44AD62062D79B33500A3BFEB /* HallRouter.swift in Sources */,
				44AD62012D79B01F00A3BFEB /* HallPresenter.swift in Sources */,
				44AD61FD2D78E98600A3BFEB /* NetworkConfig.swift in Sources */,
				44AD620B2D79CC2200A3BFEB /* HallView.swift in Sources */,
				44AD622A2D7E731F00A3BFEB /* Validator.swift in Sources */,
				44AD62212D7DC3B400A3BFEB /* PaymentBuilder.swift in Sources */,
				44AD61E72D78D45A00A3BFEB /* HallViewController.swift in Sources */,
				44AD62352D8201BC00A3BFEB /* HallBuilderr.swift in Sources */,
				44AD61F72D78D6D900A3BFEB /* Model.swift in Sources */,
				44AD622C2D8199D100A3BFEB /* AlertManager.swift in Sources */,
				44AD622E2D81E98500A3BFEB /* HallVieww.swift in Sources */,
				44AD62332D81F16400A3BFEB /* HallModel.swift in Sources */,
				44AD61F92D78D73100A3BFEB /* NetworkManager.swift in Sources */,
				44AD621B2D7DC37700A3BFEB /* PaymentViewController.swift in Sources */,
				44AD62122D7B919E00A3BFEB /* OrderInteractor.swift in Sources */,
				44AD61E32D78D45A00A3BFEB /* AppDelegate.swift in Sources */,
				44AD62092D79C5C200A3BFEB /* DI.swift in Sources */,
				44AD62192D7DAE5A00A3BFEB /* TotalView.swift in Sources */,
				44AD61FF2D79B00F00A3BFEB /* HallInteractor.swift in Sources */,
				44AD62102D7B8B3100A3BFEB /* OrderViewController.swift in Sources */,
				44AD620D2D7A06B800A3BFEB /* SeatView.swift in Sources */,
				44AD62282D7E40FC00A3BFEB /* OrderTableViewCell.swift in Sources */,
				44AD62262D7E362F00A3BFEB /* Extentions.swift in Sources */,
				44AD62242D7DC54200A3BFEB /* OrderRouter.swift in Sources */,
				44AD621D2D7DC39500A3BFEB /* PaymentInteractor.swift in Sources */,
				44AD61E52D78D45A00A3BFEB /* SceneDelegate.swift in Sources */,
				44AD62032D79B03400A3BFEB /* HallBuilder.swift in Sources */,
				44AD621F2D7DC3A200A3BFEB /* PaymentPresenter.swift in Sources */,
				44AD62162D7B91EA00A3BFEB /* OrderBuilder.swift in Sources */,
				44AD62142D7B91AC00A3BFEB /* OrderPresenter.swift in Sources */,
				44AD62312D81F15200A3BFEB /* HallViewModel.swift in Sources */,
			);
			runOnlyForDeploymentPostprocessing = 0;
		};
/* End PBXSourcesBuildPhase section */

/* Begin PBXVariantGroup section */
		44AD61ED2D78D45F00A3BFEB /* LaunchScreen.storyboard */ = {
			isa = PBXVariantGroup;
			children = (
				44AD61EE2D78D45F00A3BFEB /* Base */,
			);
			name = LaunchScreen.storyboard;
			sourceTree = "<group>";
		};
/* End PBXVariantGroup section */

/* Begin XCBuildConfiguration section */
		44AD61F12D78D45F00A3BFEB /* Debug */ = {
			isa = XCBuildConfiguration;
			buildSettings = {
				ALWAYS_SEARCH_USER_PATHS = NO;
				CLANG_ANALYZER_NONNULL = YES;
				CLANG_ANALYZER_NUMBER_OBJECT_CONVERSION = YES_AGGRESSIVE;
				CLANG_CXX_LANGUAGE_STANDARD = "gnu++17";
				CLANG_CXX_LIBRARY = "libc++";
				CLANG_ENABLE_MODULES = YES;
				CLANG_ENABLE_OBJC_ARC = YES;
				CLANG_ENABLE_OBJC_WEAK = YES;
				CLANG_WARN_BLOCK_CAPTURE_AUTORELEASING = YES;
				CLANG_WARN_BOOL_CONVERSION = YES;
				CLANG_WARN_COMMA = YES;
				CLANG_WARN_CONSTANT_CONVERSION = YES;
				CLANG_WARN_DEPRECATED_OBJC_IMPLEMENTATIONS = YES;
				CLANG_WARN_DIRECT_OBJC_ISA_USAGE = YES_ERROR;
				CLANG_WARN_DOCUMENTATION_COMMENTS = YES;
				CLANG_WARN_EMPTY_BODY = YES;
				CLANG_WARN_ENUM_CONVERSION = YES;
				CLANG_WARN_INFINITE_RECURSION = YES;
				CLANG_WARN_INT_CONVERSION = YES;
				CLANG_WARN_NON_LITERAL_NULL_CONVERSION = YES;
				CLANG_WARN_OBJC_IMPLICIT_RETAIN_SELF = YES;
				CLANG_WARN_OBJC_LITERAL_CONVERSION = YES;
				CLANG_WARN_OBJC_ROOT_CLASS = YES_ERROR;
				CLANG_WARN_QUOTED_INCLUDE_IN_FRAMEWORK_HEADER = YES;
				CLANG_WARN_RANGE_LOOP_ANALYSIS = YES;
				CLANG_WARN_STRICT_PROTOTYPES = YES;
				CLANG_WARN_SUSPICIOUS_MOVE = YES;
				CLANG_WARN_UNGUARDED_AVAILABILITY = YES_AGGRESSIVE;
				CLANG_WARN_UNREACHABLE_CODE = YES;
				CLANG_WARN__DUPLICATE_METHOD_MATCH = YES;
				COPY_PHASE_STRIP = NO;
				DEBUG_INFORMATION_FORMAT = dwarf;
				ENABLE_STRICT_OBJC_MSGSEND = YES;
				ENABLE_TESTABILITY = YES;
				GCC_C_LANGUAGE_STANDARD = gnu11;
				GCC_DYNAMIC_NO_PIC = NO;
				GCC_NO_COMMON_BLOCKS = YES;
				GCC_OPTIMIZATION_LEVEL = 0;
				GCC_PREPROCESSOR_DEFINITIONS = (
					"DEBUG=1",
					"$(inherited)",
				);
				GCC_WARN_64_TO_32_BIT_CONVERSION = YES;
				GCC_WARN_ABOUT_RETURN_TYPE = YES_ERROR;
				GCC_WARN_UNDECLARED_SELECTOR = YES;
				GCC_WARN_UNINITIALIZED_AUTOS = YES_AGGRESSIVE;
				GCC_WARN_UNUSED_FUNCTION = YES;
				GCC_WARN_UNUSED_VARIABLE = YES;
				IPHONEOS_DEPLOYMENT_TARGET = 15.0;
				MTL_ENABLE_DEBUG_INFO = INCLUDE_SOURCE;
				MTL_FAST_MATH = YES;
				ONLY_ACTIVE_ARCH = YES;
				SDKROOT = iphoneos;
				SWIFT_ACTIVE_COMPILATION_CONDITIONS = DEBUG;
				SWIFT_OPTIMIZATION_LEVEL = "-Onone";
			};
			name = Debug;
		};
		44AD61F22D78D45F00A3BFEB /* Release */ = {
			isa = XCBuildConfiguration;
			buildSettings = {
				ALWAYS_SEARCH_USER_PATHS = NO;
				CLANG_ANALYZER_NONNULL = YES;
				CLANG_ANALYZER_NUMBER_OBJECT_CONVERSION = YES_AGGRESSIVE;
				CLANG_CXX_LANGUAGE_STANDARD = "gnu++17";
				CLANG_CXX_LIBRARY = "libc++";
				CLANG_ENABLE_MODULES = YES;
				CLANG_ENABLE_OBJC_ARC = YES;
				CLANG_ENABLE_OBJC_WEAK = YES;
				CLANG_WARN_BLOCK_CAPTURE_AUTORELEASING = YES;
				CLANG_WARN_BOOL_CONVERSION = YES;
				CLANG_WARN_COMMA = YES;
				CLANG_WARN_CONSTANT_CONVERSION = YES;
				CLANG_WARN_DEPRECATED_OBJC_IMPLEMENTATIONS = YES;
				CLANG_WARN_DIRECT_OBJC_ISA_USAGE = YES_ERROR;
				CLANG_WARN_DOCUMENTATION_COMMENTS = YES;
				CLANG_WARN_EMPTY_BODY = YES;
				CLANG_WARN_ENUM_CONVERSION = YES;
				CLANG_WARN_INFINITE_RECURSION = YES;
				CLANG_WARN_INT_CONVERSION = YES;
				CLANG_WARN_NON_LITERAL_NULL_CONVERSION = YES;
				CLANG_WARN_OBJC_IMPLICIT_RETAIN_SELF = YES;
				CLANG_WARN_OBJC_LITERAL_CONVERSION = YES;
				CLANG_WARN_OBJC_ROOT_CLASS = YES_ERROR;
				CLANG_WARN_QUOTED_INCLUDE_IN_FRAMEWORK_HEADER = YES;
				CLANG_WARN_RANGE_LOOP_ANALYSIS = YES;
				CLANG_WARN_STRICT_PROTOTYPES = YES;
				CLANG_WARN_SUSPICIOUS_MOVE = YES;
				CLANG_WARN_UNGUARDED_AVAILABILITY = YES_AGGRESSIVE;
				CLANG_WARN_UNREACHABLE_CODE = YES;
				CLANG_WARN__DUPLICATE_METHOD_MATCH = YES;
				COPY_PHASE_STRIP = NO;
				DEBUG_INFORMATION_FORMAT = "dwarf-with-dsym";
				ENABLE_NS_ASSERTIONS = NO;
				ENABLE_STRICT_OBJC_MSGSEND = YES;
				GCC_C_LANGUAGE_STANDARD = gnu11;
				GCC_NO_COMMON_BLOCKS = YES;
				GCC_WARN_64_TO_32_BIT_CONVERSION = YES;
				GCC_WARN_ABOUT_RETURN_TYPE = YES_ERROR;
				GCC_WARN_UNDECLARED_SELECTOR = YES;
				GCC_WARN_UNINITIALIZED_AUTOS = YES_AGGRESSIVE;
				GCC_WARN_UNUSED_FUNCTION = YES;
				GCC_WARN_UNUSED_VARIABLE = YES;
				IPHONEOS_DEPLOYMENT_TARGET = 15.0;
				MTL_ENABLE_DEBUG_INFO = NO;
				MTL_FAST_MATH = YES;
				SDKROOT = iphoneos;
				SWIFT_COMPILATION_MODE = wholemodule;
				SWIFT_OPTIMIZATION_LEVEL = "-O";
				VALIDATE_PRODUCT = YES;
			};
			name = Release;
		};
		44AD61F42D78D45F00A3BFEB /* Debug */ = {
			isa = XCBuildConfiguration;
			buildSettings = {
				ASSETCATALOG_COMPILER_APPICON_NAME = AppIcon;
				ASSETCATALOG_COMPILER_GLOBAL_ACCENT_COLOR_NAME = AccentColor;
				CODE_SIGN_STYLE = Automatic;
				CURRENT_PROJECT_VERSION = 1;
				GENERATE_INFOPLIST_FILE = YES;
				INFOPLIST_FILE = cinemaHall/Info.plist;
				INFOPLIST_KEY_UIApplicationSupportsIndirectInputEvents = YES;
				INFOPLIST_KEY_UILaunchStoryboardName = LaunchScreen;
				INFOPLIST_KEY_UISupportedInterfaceOrientations_iPad = "UIInterfaceOrientationPortrait UIInterfaceOrientationPortraitUpsideDown UIInterfaceOrientationLandscapeLeft UIInterfaceOrientationLandscapeRight";
				INFOPLIST_KEY_UISupportedInterfaceOrientations_iPhone = "UIInterfaceOrientationPortrait UIInterfaceOrientationLandscapeLeft UIInterfaceOrientationLandscapeRight";
				LD_RUNPATH_SEARCH_PATHS = (
					"$(inherited)",
					"@executable_path/Frameworks",
				);
				MARKETING_VERSION = 1.0;
				PRODUCT_BUNDLE_IDENTIFIER = jaha.cinemaHall;
				PRODUCT_NAME = "$(TARGET_NAME)";
				SWIFT_EMIT_LOC_STRINGS = YES;
				SWIFT_VERSION = 5.0;
				TARGETED_DEVICE_FAMILY = "1,2";
			};
			name = Debug;
		};
		44AD61F52D78D45F00A3BFEB /* Release */ = {
			isa = XCBuildConfiguration;
			buildSettings = {
				ASSETCATALOG_COMPILER_APPICON_NAME = AppIcon;
				ASSETCATALOG_COMPILER_GLOBAL_ACCENT_COLOR_NAME = AccentColor;
				CODE_SIGN_STYLE = Automatic;
				CURRENT_PROJECT_VERSION = 1;
				GENERATE_INFOPLIST_FILE = YES;
				INFOPLIST_FILE = cinemaHall/Info.plist;
				INFOPLIST_KEY_UIApplicationSupportsIndirectInputEvents = YES;
				INFOPLIST_KEY_UILaunchStoryboardName = LaunchScreen;
				INFOPLIST_KEY_UISupportedInterfaceOrientations_iPad = "UIInterfaceOrientationPortrait UIInterfaceOrientationPortraitUpsideDown UIInterfaceOrientationLandscapeLeft UIInterfaceOrientationLandscapeRight";
				INFOPLIST_KEY_UISupportedInterfaceOrientations_iPhone = "UIInterfaceOrientationPortrait UIInterfaceOrientationLandscapeLeft UIInterfaceOrientationLandscapeRight";
				LD_RUNPATH_SEARCH_PATHS = (
					"$(inherited)",
					"@executable_path/Frameworks",
				);
				MARKETING_VERSION = 1.0;
				PRODUCT_BUNDLE_IDENTIFIER = jaha.cinemaHall;
				PRODUCT_NAME = "$(TARGET_NAME)";
				SWIFT_EMIT_LOC_STRINGS = YES;
				SWIFT_VERSION = 5.0;
				TARGETED_DEVICE_FAMILY = "1,2";
			};
			name = Release;
		};
/* End XCBuildConfiguration section */

/* Begin XCConfigurationList section */
		44AD61DA2D78D45A00A3BFEB /* Build configuration list for PBXProject "cinemaHall" */ = {
			isa = XCConfigurationList;
			buildConfigurations = (
				44AD61F12D78D45F00A3BFEB /* Debug */,
				44AD61F22D78D45F00A3BFEB /* Release */,
			);
			defaultConfigurationIsVisible = 0;
			defaultConfigurationName = Release;
		};
		44AD61F32D78D45F00A3BFEB /* Build configuration list for PBXNativeTarget "cinemaHall" */ = {
			isa = XCConfigurationList;
			buildConfigurations = (
				44AD61F42D78D45F00A3BFEB /* Debug */,
				44AD61F52D78D45F00A3BFEB /* Release */,
			);
			defaultConfigurationIsVisible = 0;
			defaultConfigurationName = Release;
		};
/* End XCConfigurationList section */
	};
	rootObject = 44AD61D72D78D45A00A3BFEB /* Project object */;
}
